
Microsoft Visual Studio Solution File, Format Version 12.00
# Visual Studio Version 16
VisualStudioVersion = 16.0.809.4
MinimumVisualStudioVersion = 10.0.40219.1
Project("{FAE04EC0-301F-11D3-BF4B-00C04F79EFBC}") = "Lesson3", "Lesson3\Lesson3.csproj", "{F591DDAC-37FA-4E74-8D75-56872F5EB219}"
EndProject
Global
	GlobalSection(SolutionConfigurationPlatforms) = preSolution
		Debug|anycpu = Debug|anycpu
		Release|anycpu = Release|anycpu
	EndGlobalSection
	GlobalSection(ProjectConfigurationPlatforms) = postSolution
		{F591DDAC-37FA-4E74-8D75-56872F5EB219}.Debug|anycpu.ActiveCfg = Debug|anycpu
		{F591DDAC-37FA-4E74-8D75-56872F5EB219}.Debug|anycpu.Build.0 = Debug|anycpu
		{F591DDAC-37FA-4E74-8D75-56872F5EB219}.Release|anycpu.ActiveCfg = Release|anycpu
		{F591DDAC-37FA-4E74-8D75-56872F5EB219}.Release|anycpu.Build.0 = Release|anycpu
	EndGlobalSection
	GlobalSection(SolutionProperties) = preSolution
		HideSolutionNode = FALSE
	EndGlobalSection
	GlobalSection(ExtensibilityGlobals) = postSolution
		SolutionGuid = {281FD5B5-4F52-4727-91A6-43A2DAC5D2A0}
	EndGlobalSection
EndGlobal
